{
  "requires": true,
  "lockfileVersion": 1,
  "dependencies": {
    "browserslist": {
      "version": "4.7.2",
      "resolved": "https://registry.npmjs.org/browserslist/-/browserslist-4.7.2.tgz",
      "integrity": "sha512-uZavT/gZXJd2UTi9Ov7/Z340WOSQ3+m1iBVRUknf+okKxonL9P83S3ctiBDtuRmRu8PiCHjqyueqQ9HYlJhxiw==",
      "requires": {
        "caniuse-lite": "^1.0.30001004",
        "electron-to-chromium": "^1.3.295",
        "node-releases": "^1.1.38"
      }
    },
    "caniuse-lite": {
      "version": "1.0.30001008",
      "resolved": "https://registry.npmjs.org/caniuse-lite/-/caniuse-lite-1.0.30001008.tgz",
      "integrity": "sha512-b8DJyb+VVXZGRgJUa30cbk8gKHZ3LOZTBLaUEEVr2P4xpmFigOCc62CO4uzquW641Ouq1Rm9N+rWLWdSYDaDIw=="
    },
    "electron-to-chromium": {
      "version": "1.3.302",
      "resolved": "https://registry.npmjs.org/electron-to-chromium/-/electron-to-chromium-1.3.302.tgz",
      "integrity": "sha512-1qConyiVEbj4xZRBXqtGR003+9tV0rJF0PS6aeO0Ln/UL637js9hdwweCl07meh/kJoI2N4W8q3R3g3F5z46ww=="
    },
    "node-releases": {
      "version": "1.1.39",
      "resolved": "https://registry.npmjs.org/node-releases/-/node-releases-1.1.39.tgz",
      "integrity": "sha512-8MRC/ErwNCHOlAFycy9OPca46fQYUjbJRDcZTHVWIGXIjYLM73k70vv3WkYutVnM4cCo4hE0MqBVVZjP6vjISA==",
      "requires": {
        "semver": "^6.3.0"
      }
    },
    "semver": {
      "version": "6.3.0",
      "resolved": "https://registry.npmjs.org/semver/-/semver-6.3.0.tgz",
      "integrity": "sha512-b39TBaTSfV6yBrapU89p5fKekE2m/NwnDocOVruQFS1/veMgdzuPcnOM34M6CwxW8jH/lxEa5rBoDeUwu5HHTw=="
    }
  }
}
